// !$*UTF8*$!
{
	archiveVersion = 1;
	classes = {
	};
	objectVersion = 48;
	objects = {

/* Begin PBXBuildFile section */
		498EE87F20100C9F00ECE057 /* ImageCollection.swift in Sources */ = {isa = PBXBuildFile; fileRef = 498EE87E20100C9F00ECE057 /* ImageCollection.swift */; };
		498EE881201011C500ECE057 /* collectionTableViewCell.swift in Sources */ = {isa = PBXBuildFile; fileRef = 498EE880201011C500ECE057 /* collectionTableViewCell.swift */; };
		49E340372010037500354EA0 /* AppDelegate.swift in Sources */ = {isa = PBXBuildFile; fileRef = 49E340362010037500354EA0 /* AppDelegate.swift */; };
		49E340392010037500354EA0 /* ViewController.swift in Sources */ = {isa = PBXBuildFile; fileRef = 49E340382010037500354EA0 /* ViewController.swift */; };
		49E3403C2010037500354EA0 /* Main.storyboard in Resources */ = {isa = PBXBuildFile; fileRef = 49E3403A2010037500354EA0 /* Main.storyboard */; };
		49E3403E2010037500354EA0 /* Assets.xcassets in Resources */ = {isa = PBXBuildFile; fileRef = 49E3403D2010037500354EA0 /* Assets.xcassets */; };
		49E340412010037500354EA0 /* LaunchScreen.storyboard in Resources */ = {isa = PBXBuildFile; fileRef = 49E3403F2010037500354EA0 /* LaunchScreen.storyboard */; };
		49E340492010063200354EA0 /* ImageCollectionTableViewController.swift in Sources */ = {isa = PBXBuildFile; fileRef = 49E340482010063200354EA0 /* ImageCollectionTableViewController.swift */; };
		49E3404B2010065600354EA0 /* unzippedCollectionViewController.swift in Sources */ = {isa = PBXBuildFile; fileRef = 49E3404A2010065600354EA0 /* unzippedCollectionViewController.swift */; };
		49E3404D2010079400354EA0 /* Network.swift in Sources */ = {isa = PBXBuildFile; fileRef = 49E3404C2010079400354EA0 /* Network.swift */; };
		81E88E2D777CB7AC08456F25 /* Pods_zipImages.framework in Frameworks */ = {isa = PBXBuildFile; fileRef = 5F3C9EFCDF5F5A855A8C4D38 /* Pods_zipImages.framework */; };
/* End PBXBuildFile section */

/* Begin PBXFileReference section */
		3B49D929B2A7944D49D1981E /* Pods-zipImages.release.xcconfig */ = {isa = PBXFileReference; includeInIndex = 1; lastKnownFileType = text.xcconfig; name = "Pods-zipImages.release.xcconfig"; path = "Pods/Target Support Files/Pods-zipImages/Pods-zipImages.release.xcconfig"; sourceTree = "<group>"; };
		498EE87E20100C9F00ECE057 /* ImageCollection.swift */ = {isa = PBXFileReference; lastKnownFileType = sourcecode.swift; path = ImageCollection.swift; sourceTree = "<group>"; };
		498EE880201011C500ECE057 /* collectionTableViewCell.swift */ = {isa = PBXFileReference; lastKnownFileType = sourcecode.swift; path = collectionTableViewCell.swift; sourceTree = "<group>"; };
		49E340332010037500354EA0 /* zipImages.app */ = {isa = PBXFileReference; explicitFileType = wrapper.application; includeInIndex = 0; path = zipImages.app; sourceTree = BUILT_PRODUCTS_DIR; };
		49E340362010037500354EA0 /* AppDelegate.swift */ = {isa = PBXFileReference; lastKnownFileType = sourcecode.swift; path = AppDelegate.swift; sourceTree = "<group>"; };
		49E340382010037500354EA0 /* ViewController.swift */ = {isa = PBXFileReference; lastKnownFileType = sourcecode.swift; path = ViewController.swift; sourceTree = "<group>"; };
		49E3403B2010037500354EA0 /* Base */ = {isa = PBXFileReference; lastKnownFileType = file.storyboard; name = Base; path = Base.lproj/Main.storyboard; sourceTree = "<group>"; };
		49E3403D2010037500354EA0 /* Assets.xcassets */ = {isa = PBXFileReference; lastKnownFileType = folder.assetcatalog; path = Assets.xcassets; sourceTree = "<group>"; };
		49E340402010037500354EA0 /* Base */ = {isa = PBXFileReference; lastKnownFileType = file.storyboard; name = Base; path = Base.lproj/LaunchScreen.storyboard; sourceTree = "<group>"; };
		49E340422010037500354EA0 /* Info.plist */ = {isa = PBXFileReference; lastKnownFileType = text.plist.xml; path = Info.plist; sourceTree = "<group>"; };
		49E340482010063200354EA0 /* ImageCollectionTableViewController.swift */ = {isa = PBXFileReference; lastKnownFileType = sourcecode.swift; path = ImageCollectionTableViewController.swift; sourceTree = "<group>"; };
		49E3404A2010065600354EA0 /* unzippedCollectionViewController.swift */ = {isa = PBXFileReference; lastKnownFileType = sourcecode.swift; path = unzippedCollectionViewController.swift; sourceTree = "<group>"; };
		49E3404C2010079400354EA0 /* Network.swift */ = {isa = PBXFileReference; lastKnownFileType = sourcecode.swift; path = Network.swift; sourceTree = "<group>"; };
		5F3C9EFCDF5F5A855A8C4D38 /* Pods_zipImages.framework */ = {isa = PBXFileReference; explicitFileType = wrapper.framework; includeInIndex = 0; path = Pods_zipImages.framework; sourceTree = BUILT_PRODUCTS_DIR; };
		DD5A3ED2299B883B26C8161E /* Pods-zipImages.debug.xcconfig */ = {isa = PBXFileReference; includeInIndex = 1; lastKnownFileType = text.xcconfig; name = "Pods-zipImages.debug.xcconfig"; path = "Pods/Target Support Files/Pods-zipImages/Pods-zipImages.debug.xcconfig"; sourceTree = "<group>"; };
/* End PBXFileReference section */

/* Begin PBXFrameworksBuildPhase section */
		49E340302010037500354EA0 /* Frameworks */ = {
			isa = PBXFrameworksBuildPhase;
			buildActionMask = 2147483647;
			files = (
				81E88E2D777CB7AC08456F25 /* Pods_zipImages.framework in Frameworks */,
			);
			runOnlyForDeploymentPostprocessing = 0;
		};
/* End PBXFrameworksBuildPhase section */

/* Begin PBXGroup section */
		49E3402A2010037400354EA0 = {
			isa = PBXGroup;
			children = (
				49E340352010037500354EA0 /* zipImages */,
				49E340342010037500354EA0 /* Products */,
				A5010CFB22BC01906E495643 /* Pods */,
				5C1712512069D3836FE1D36B /* Frameworks */,
			);
			sourceTree = "<group>";
		};
		49E340342010037500354EA0 /* Products */ = {
			isa = PBXGroup;
			children = (
				49E340332010037500354EA0 /* zipImages.app */,
			);
			name = Products;
			sourceTree = "<group>";
		};
		49E340352010037500354EA0 /* zipImages */ = {
			isa = PBXGroup;
			children = (
				49E340362010037500354EA0 /* AppDelegate.swift */,
				49E340382010037500354EA0 /* ViewController.swift */,
				49E3403A2010037500354EA0 /* Main.storyboard */,
				49E3404C2010079400354EA0 /* Network.swift */,
				498EE87E20100C9F00ECE057 /* ImageCollection.swift */,
				49E3404A2010065600354EA0 /* unzippedCollectionViewController.swift */,
				498EE880201011C500ECE057 /* collectionTableViewCell.swift */,
				49E340482010063200354EA0 /* ImageCollectionTableViewController.swift */,
				49E3403D2010037500354EA0 /* Assets.xcassets */,
				49E3403F2010037500354EA0 /* LaunchScreen.storyboard */,
				49E340422010037500354EA0 /* Info.plist */,
			);
			path = zipImages;
			sourceTree = "<group>";
		};
		5C1712512069D3836FE1D36B /* Frameworks */ = {
			isa = PBXGroup;
			children = (
				5F3C9EFCDF5F5A855A8C4D38 /* Pods_zipImages.framework */,
			);
			name = Frameworks;
			sourceTree = "<group>";
		};
		A5010CFB22BC01906E495643 /* Pods */ = {
			isa = PBXGroup;
			children = (
				DD5A3ED2299B883B26C8161E /* Pods-zipImages.debug.xcconfig */,
				3B49D929B2A7944D49D1981E /* Pods-zipImages.release.xcconfig */,
			);
			name = Pods;
			sourceTree = "<group>";
		};
/* End PBXGroup section */

/* Begin PBXNativeTarget section */
		49E340322010037500354EA0 /* zipImages */ = {
			isa = PBXNativeTarget;
			buildConfigurationList = 49E340452010037500354EA0 /* Build configuration list for PBXNativeTarget "zipImages" */;
			buildPhases = (
				3116A06ECBE422D92A015890 /* [CP] Check Pods Manifest.lock */,
				49E3402F2010037500354EA0 /* Sources */,
				49E340302010037500354EA0 /* Frameworks */,
				49E340312010037500354EA0 /* Resources */,
				EC32811BBA8E989B61476362 /* [CP] Embed Pods Frameworks */,
				329AB8E406C4FE1F0848B96A /* [CP] Copy Pods Resources */,
			);
			buildRules = (
			);
			dependencies = (
			);
			name = zipImages;
			productName = zipImages;
			productReference = 49E340332010037500354EA0 /* zipImages.app */;
			productType = "com.apple.product-type.application";
		};
/* End PBXNativeTarget section */

/* Begin PBXProject section */
		49E3402B2010037400354EA0 /* Project object */ = {
			isa = PBXProject;
			attributes = {
				LastSwiftUpdateCheck = 0920;
				LastUpgradeCheck = 0920;
				ORGANIZATIONNAME = "Andrew Tsukuda";
				TargetAttributes = {
					49E340322010037500354EA0 = {
						CreatedOnToolsVersion = 9.2;
						ProvisioningStyle = Automatic;
					};
				};
			};
			buildConfigurationList = 49E3402E2010037400354EA0 /* Build configuration list for PBXProject "zipImages" */;
			compatibilityVersion = "Xcode 8.0";
			developmentRegion = en;
			hasScannedForEncodings = 0;
			knownRegions = (
				en,
				Base,
			);
			mainGroup = 49E3402A2010037400354EA0;
			productRefGroup = 49E340342010037500354EA0 /* Products */;
			projectDirPath = "";
			projectRoot = "";
			targets = (
				49E340322010037500354EA0 /* zipImages */,
			);
		};
/* End PBXProject section */

/* Begin PBXResourcesBuildPhase section */
		49E340312010037500354EA0 /* Resources */ = {
			isa = PBXResourcesBuildPhase;
			buildActionMask = 2147483647;
			files = (
				49E340412010037500354EA0 /* LaunchScreen.storyboard in Resources */,
				49E3403E2010037500354EA0 /* Assets.xcassets in Resources */,
				49E3403C2010037500354EA0 /* Main.storyboard in Resources */,
			);
			runOnlyForDeploymentPostprocessing = 0;
		};
/* End PBXResourcesBuildPhase section */

/* Begin PBXShellScriptBuildPhase section */
		3116A06ECBE422D92A015890 /* [CP] Check Pods Manifest.lock */ = {
			isa = PBXShellScriptBuildPhase;
			buildActionMask = 2147483647;
			files = (
			);
			inputPaths = (
				"${PODS_PODFILE_DIR_PATH}/Podfile.lock",
				"${PODS_ROOT}/Manifest.lock",
			);
			name = "[CP] Check Pods Manifest.lock";
			outputPaths = (
				"$(DERIVED_FILE_DIR)/Pods-zipImages-checkManifestLockResult.txt",
			);
			runOnlyForDeploymentPostprocessing = 0;
			shellPath = /bin/sh;
			shellScript = "diff \"${PODS_PODFILE_DIR_PATH}/Podfile.lock\" \"${PODS_ROOT}/Manifest.lock\" > /dev/null\nif [ $? != 0 ] ; then\n    # print error to STDERR\n    echo \"error: The sandbox is not in sync with the Podfile.lock. Run 'pod install' or update your CocoaPods installation.\" >&2\n    exit 1\nfi\n# This output is used by Xcode 'outputs' to avoid re-running this script phase.\necho \"SUCCESS\" > \"${SCRIPT_OUTPUT_FILE_0}\"\n";
			showEnvVarsInLog = 0;
		};
		329AB8E406C4FE1F0848B96A /* [CP] Copy Pods Resources */ = {
			isa = PBXShellScriptBuildPhase;
			buildActionMask = 2147483647;
			files = (
			);
			inputPaths = (
			);
			name = "[CP] Copy Pods Resources";
			outputPaths = (
			);
			runOnlyForDeploymentPostprocessing = 0;
			shellPath = /bin/sh;
			shellScript = "\"${SRCROOT}/Pods/Target Support Files/Pods-zipImages/Pods-zipImages-resources.sh\"\n";
			showEnvVarsInLog = 0;
		};
		EC32811BBA8E989B61476362 /* [CP] Embed Pods Frameworks */ = {
			isa = PBXShellScriptBuildPhase;
			buildActionMask = 2147483647;
			files = (
			);
			inputPaths = (
				"${SRCROOT}/Pods/Target Support Files/Pods-zipImages/Pods-zipImages-frameworks.sh",
				"${BUILT_PRODUCTS_DIR}/Alamofire/Alamofire.framework",
				"${BUILT_PRODUCTS_DIR}/Zip/Zip.framework",
			);
			name = "[CP] Embed Pods Frameworks";
			outputPaths = (
				"${TARGET_BUILD_DIR}/${FRAMEWORKS_FOLDER_PATH}/Alamofire.framework",
				"${TARGET_BUILD_DIR}/${FRAMEWORKS_FOLDER_PATH}/Zip.framework",
			);
			runOnlyForDeploymentPostprocessing = 0;
			shellPath = /bin/sh;
			shellScript = "\"${SRCROOT}/Pods/Target Support Files/Pods-zipImages/Pods-zipImages-frameworks.sh\"\n";
			showEnvVarsInLog = 0;
		};
/* End PBXShellScriptBuildPhase section */

/* Begin PBXSourcesBuildPhase section */
		49E3402F2010037500354EA0 /* Sources */ = {
			isa = PBXSourcesBuildPhase;
			buildActionMask = 2147483647;
			files = (
				49E3404D2010079400354EA0 /* Network.swift in Sources */,
				498EE87F20100C9F00ECE057 /* ImageCollection.swift in Sources */,
				49E340492010063200354EA0 /* ImageCollectionTableViewController.swift in Sources */,
				49E340392010037500354EA0 /* ViewController.swift in Sources */,
				49E340372010037500354EA0 /* AppDelegate.swift in Sources */,
				49E3404B2010065600354EA0 /* unzippedCollectionViewController.swift in Sources */,
				498EE881201011C500ECE057 /* collectionTableViewCell.swift in Sources */,
			);
			runOnlyForDeploymentPostprocessing = 0;
		};
/* End PBXSourcesBuildPhase section */

/* Begin PBXVariantGroup section */
		49E3403A2010037500354EA0 /* Main.storyboard */ = {
			isa = PBXVariantGroup;
			children = (
				49E3403B2010037500354EA0 /* Base */,
			);
			name = Main.storyboard;
			sourceTree = "<group>";
		};
		49E3403F2010037500354EA0 /* LaunchScreen.storyboard */ = {
			isa = PBXVariantGroup;
			children = (
				49E340402010037500354EA0 /* Base */,
			);
			name = LaunchScreen.storyboard;
			sourceTree = "<group>";
		};
/* End PBXVariantGroup section */

/* Begin XCBuildConfiguration section */
		49E340432010037500354EA0 /* Debug */ = {
			isa = XCBuildConfiguration;
			buildSettings = {
				ALWAYS_SEARCH_USER_PATHS = NO;
				CLANG_ANALYZER_NONNULL = YES;
				CLANG_ANALYZER_NUMBER_OBJECT_CONVERSION = YES_AGGRESSIVE;
				CLANG_CXX_LANGUAGE_STANDARD = "gnu++14";
				CLANG_CXX_LIBRARY = "libc++";
				CLANG_ENABLE_MODULES = YES;
				CLANG_ENABLE_OBJC_ARC = YES;
				CLANG_WARN_BLOCK_CAPTURE_AUTORELEASING = YES;
				CLANG_WARN_BOOL_CONVERSION = YES;
				CLANG_WARN_COMMA = YES;
				CLANG_WARN_CONSTANT_CONVERSION = YES;
				CLANG_WARN_DIRECT_OBJC_ISA_USAGE = YES_ERROR;
				CLANG_WARN_DOCUMENTATION_COMMENTS = YES;
				CLANG_WARN_EMPTY_BODY = YES;
				CLANG_WARN_ENUM_CONVERSION = YES;
				CLANG_WARN_INFINITE_RECURSION = YES;
				CLANG_WARN_INT_CONVERSION = YES;
				CLANG_WARN_NON_LITERAL_NULL_CONVERSION = YES;
				CLANG_WARN_OBJC_LITERAL_CONVERSION = YES;
				CLANG_WARN_OBJC_ROOT_CLASS = YES_ERROR;
				CLANG_WARN_RANGE_LOOP_ANALYSIS = YES;
				CLANG_WARN_STRICT_PROTOTYPES = YES;
				CLANG_WARN_SUSPICIOUS_MOVE = YES;
				CLANG_WARN_UNGUARDED_AVAILABILITY = YES_AGGRESSIVE;
				CLANG_WARN_UNREACHABLE_CODE = YES;
				CLANG_WARN__DUPLICATE_METHOD_MATCH = YES;
				CODE_SIGN_IDENTITY = "iPhone Developer";
				COPY_PHASE_STRIP = NO;
				DEBUG_INFORMATION_FORMAT = dwarf;
				ENABLE_STRICT_OBJC_MSGSEND = YES;
				ENABLE_TESTABILITY = YES;
				GCC_C_LANGUAGE_STANDARD = gnu11;
				GCC_DYNAMIC_NO_PIC = NO;
				GCC_NO_COMMON_BLOCKS = YES;
				GCC_OPTIMIZATION_LEVEL = 0;
				GCC_PREPROCESSOR_DEFINITIONS = (
					"DEBUG=1",
					"$(inherited)",
				);
				GCC_WARN_64_TO_32_BIT_CONVERSION = YES;
				GCC_WARN_ABOUT_RETURN_TYPE = YES_ERROR;
				GCC_WARN_UNDECLARED_SELECTOR = YES;
				GCC_WARN_UNINITIALIZED_AUTOS = YES_AGGRESSIVE;
				GCC_WARN_UNUSED_FUNCTION = YES;
				GCC_WARN_UNUSED_VARIABLE = YES;
				IPHONEOS_DEPLOYMENT_TARGET = 11.2;
				MTL_ENABLE_DEBUG_INFO = YES;
				ONLY_ACTIVE_ARCH = YES;
				SDKROOT = iphoneos;
				SWIFT_ACTIVE_COMPILATION_CONDITIONS = DEBUG;
				SWIFT_OPTIMIZATION_LEVEL = "-Onone";
			};
			name = Debug;
		};
		49E340442010037500354EA0 /* Release */ = {
			isa = XCBuildConfiguration;
			buildSettings = {
				ALWAYS_SEARCH_USER_PATHS = NO;
				CLANG_ANALYZER_NONNULL = YES;
				CLANG_ANALYZER_NUMBER_OBJECT_CONVERSION = YES_AGGRESSIVE;
				CLANG_CXX_LANGUAGE_STANDARD = "gnu++14";
				CLANG_CXX_LIBRARY = "libc++";
				CLANG_ENABLE_MODULES = YES;
				CLANG_ENABLE_OBJC_ARC = YES;
				CLANG_WARN_BLOCK_CAPTURE_AUTORELEASING = YES;
				CLANG_WARN_BOOL_CONVERSION = YES;
				CLANG_WARN_COMMA = YES;
				CLANG_WARN_CONSTANT_CONVERSION = YES;
				CLANG_WARN_DIRECT_OBJC_ISA_USAGE = YES_ERROR;
				CLANG_WARN_DOCUMENTATION_COMMENTS = YES;
				CLANG_WARN_EMPTY_BODY = YES;
				CLANG_WARN_ENUM_CONVERSION = YES;
				CLANG_WARN_INFINITE_RECURSION = YES;
				CLANG_WARN_INT_CONVERSION = YES;
				CLANG_WARN_NON_LITERAL_NULL_CONVERSION = YES;
				CLANG_WARN_OBJC_LITERAL_CONVERSION = YES;
				CLANG_WARN_OBJC_ROOT_CLASS = YES_ERROR;
				CLANG_WARN_RANGE_LOOP_ANALYSIS = YES;
				CLANG_WARN_STRICT_PROTOTYPES = YES;
				CLANG_WARN_SUSPICIOUS_MOVE = YES;
				CLANG_WARN_UNGUARDED_AVAILABILITY = YES_AGGRESSIVE;
				CLANG_WARN_UNREACHABLE_CODE = YES;
				CLANG_WARN__DUPLICATE_METHOD_MATCH = YES;
				CODE_SIGN_IDENTITY = "iPhone Developer";
				COPY_PHASE_STRIP = NO;
				DEBUG_INFORMATION_FORMAT = "dwarf-with-dsym";
				ENABLE_NS_ASSERTIONS = NO;
				ENABLE_STRICT_OBJC_MSGSEND = YES;
				GCC_C_LANGUAGE_STANDARD = gnu11;
				GCC_NO_COMMON_BLOCKS = YES;
				GCC_WARN_64_TO_32_BIT_CONVERSION = YES;
				GCC_WARN_ABOUT_RETURN_TYPE = YES_ERROR;
				GCC_WARN_UNDECLARED_SELECTOR = YES;
				GCC_WARN_UNINITIALIZED_AUTOS = YES_AGGRESSIVE;
				GCC_WARN_UNUSED_FUNCTION = YES;
				GCC_WARN_UNUSED_VARIABLE = YES;
				IPHONEOS_DEPLOYMENT_TARGET = 11.2;
				MTL_ENABLE_DEBUG_INFO = NO;
				SDKROOT = iphoneos;
				SWIFT_OPTIMIZATION_LEVEL = "-Owholemodule";
				VALIDATE_PRODUCT = YES;
			};
			name = Release;
		};
		49E340462010037500354EA0 /* Debug */ = {
			isa = XCBuildConfiguration;
			baseConfigurationReference = DD5A3ED2299B883B26C8161E /* Pods-zipImages.debug.xcconfig */;
			buildSettings = {
				ASSETCATALOG_COMPILER_APPICON_NAME = AppIcon;
				CODE_SIGN_STYLE = Automatic;
				DEVELOPMENT_TEAM = YTYUD7N245;
				INFOPLIST_FILE = zipImages/Info.plist;
				LD_RUNPATH_SEARCH_PATHS = "$(inherited) @executable_path/Frameworks";
				PRODUCT_BUNDLE_IDENTIFIER = tsukudabuddha.zipImages;
				PRODUCT_NAME = "$(TARGET_NAME)";
				SWIFT_VERSION = 4.0;
				TARGETED_DEVICE_FAMILY = "1,2";
			};
			name = Debug;
		};
		49E340472010037500354EA0 /* Release */ = {
			isa = XCBuildConfiguration;
			baseConfigurationReference = 3B49D929B2A7944D49D1981E /* Pods-zipImages.release.xcconfig */;
			buildSettings = {
				ASSETCATALOG_COMPILER_APPICON_NAME = AppIcon;
				CODE_SIGN_STYLE = Automatic;
				DEVELOPMENT_TEAM = YTYUD7N245;
				INFOPLIST_FILE = zipImages/Info.plist;
				LD_RUNPATH_SEARCH_PATHS = "$(inherited) @executable_path/Frameworks";
				PRODUCT_BUNDLE_IDENTIFIER = tsukudabuddha.zipImages;
				PRODUCT_NAME = "$(TARGET_NAME)";
				SWIFT_VERSION = 4.0;
				TARGETED_DEVICE_FAMILY = "1,2";
			};
			name = Release;
		};
/* End XCBuildConfiguration section */

/* Begin XCConfigurationList section */
		49E3402E2010037400354EA0 /* Build configuration list for PBXProject "zipImages" */ = {
			isa = XCConfigurationList;
			buildConfigurations = (
				49E340432010037500354EA0 /* Debug */,
				49E340442010037500354EA0 /* Release */,
			);
			defaultConfigurationIsVisible = 0;
			defaultConfigurationName = Release;
		};
		49E340452010037500354EA0 /* Build configuration list for PBXNativeTarget "zipImages" */ = {
			isa = XCConfigurationList;
			buildConfigurations = (
				49E340462010037500354EA0 /* Debug */,
				49E340472010037500354EA0 /* Release */,
			);
			defaultConfigurationIsVisible = 0;
			defaultConfigurationName = Release;
		};
/* End XCConfigurationList section */
	};
	rootObject = 49E3402B2010037400354EA0 /* Project object */;
}
